// !$*UTF8*$!
{
	archiveVersion = 1;
	classes = {
	};
	objectVersion = 48;
	objects = {

/* Begin PBXBuildFile section */
		B222E03521313ABC008921D0 /* AppDelegate.m in Sources */ = {isa = PBXBuildFile; fileRef = B222E03421313ABC008921D0 /* AppDelegate.m */; };
		B222E03821313ABC008921D0 /* ViewController.m in Sources */ = {isa = PBXBuildFile; fileRef = B222E03721313ABC008921D0 /* ViewController.m */; };
		B222E03B21313ABC008921D0 /* Main.storyboard in Resources */ = {isa = PBXBuildFile; fileRef = B222E03921313ABC008921D0 /* Main.storyboard */; };
		B222E03D21313ABC008921D0 /* Assets.xcassets in Resources */ = {isa = PBXBuildFile; fileRef = B222E03C21313ABC008921D0 /* Assets.xcassets */; };
		B222E04021313ABC008921D0 /* LaunchScreen.storyboard in Resources */ = {isa = PBXBuildFile; fileRef = B222E03E21313ABC008921D0 /* LaunchScreen.storyboard */; };
		B222E04321313ABC008921D0 /* main.m in Sources */ = {isa = PBXBuildFile; fileRef = B222E04221313ABC008921D0 /* main.m */; };
		B222E04D21313ABC008921D0 /* simpleTableViewTests.m in Sources */ = {isa = PBXBuildFile; fileRef = B222E04C21313ABC008921D0 /* simpleTableViewTests.m */; };
		B222E05821313ABC008921D0 /* simpleTableViewUITests.m in Sources */ = {isa = PBXBuildFile; fileRef = B222E05721313ABC008921D0 /* simpleTableViewUITests.m */; };
		B222E06B21313C08008921D0 /* CellModel.m in Sources */ = {isa = PBXBuildFile; fileRef = B222E06821313C08008921D0 /* CellModel.m */; };
		B222E06C21313C08008921D0 /* SectionModel.m in Sources */ = {isa = PBXBuildFile; fileRef = B222E06921313C08008921D0 /* SectionModel.m */; };
		B222E07621313C38008921D0 /* tableViewCell.m in Sources */ = {isa = PBXBuildFile; fileRef = B222E06E21313C38008921D0 /* tableViewCell.m */; };
		B222E07721313C38008921D0 /* ArrayDataDelegate.m in Sources */ = {isa = PBXBuildFile; fileRef = B222E06F21313C38008921D0 /* ArrayDataDelegate.m */; };
		B222E07821313C38008921D0 /* ArrayDataSource.m in Sources */ = {isa = PBXBuildFile; fileRef = B222E07021313C38008921D0 /* ArrayDataSource.m */; };
		B222E07921313C38008921D0 /* tableViewHeaderView.m in Sources */ = {isa = PBXBuildFile; fileRef = B222E07421313C38008921D0 /* tableViewHeaderView.m */; };
		B222E07C21313DBF008921D0 /* myTableCell.m in Sources */ = {isa = PBXBuildFile; fileRef = B222E07B21313DBF008921D0 /* myTableCell.m */; };
		B222E07F21313E54008921D0 /* myModel.m in Sources */ = {isa = PBXBuildFile; fileRef = B222E07E21313E54008921D0 /* myModel.m */; };
/* End PBXBuildFile section */

/* Begin PBXContainerItemProxy section */
		B222E04921313ABC008921D0 /* PBXContainerItemProxy */ = {
			isa = PBXContainerItemProxy;
			containerPortal = B222E02821313ABC008921D0 /* Project object */;
			proxyType = 1;
			remoteGlobalIDString = B222E02F21313ABC008921D0;
			remoteInfo = simpleTableView;
		};
		B222E05421313ABC008921D0 /* PBXContainerItemProxy */ = {
			isa = PBXContainerItemProxy;
			containerPortal = B222E02821313ABC008921D0 /* Project object */;
			proxyType = 1;
			remoteGlobalIDString = B222E02F21313ABC008921D0;
			remoteInfo = simpleTableView;
		};
/* End PBXContainerItemProxy section */

/* Begin PBXFileReference section */
		B222E03021313ABC008921D0 /* simpleTableView.app */ = {isa = PBXFileReference; explicitFileType = wrapper.application; includeInIndex = 0; path = simpleTableView.app; sourceTree = BUILT_PRODUCTS_DIR; };
		B222E03321313ABC008921D0 /* AppDelegate.h */ = {isa = PBXFileReference; lastKnownFileType = sourcecode.c.h; path = AppDelegate.h; sourceTree = "<group>"; };
		B222E03421313ABC008921D0 /* AppDelegate.m */ = {isa = PBXFileReference; lastKnownFileType = sourcecode.c.objc; path = AppDelegate.m; sourceTree = "<group>"; };
		B222E03621313ABC008921D0 /* ViewController.h */ = {isa = PBXFileReference; lastKnownFileType = sourcecode.c.h; path = ViewController.h; sourceTree = "<group>"; };
		B222E03721313ABC008921D0 /* ViewController.m */ = {isa = PBXFileReference; lastKnownFileType = sourcecode.c.objc; path = ViewController.m; sourceTree = "<group>"; };
		B222E03A21313ABC008921D0 /* Base */ = {isa = PBXFileReference; lastKnownFileType = file.storyboard; name = Base; path = Base.lproj/Main.storyboard; sourceTree = "<group>"; };
		B222E03C21313ABC008921D0 /* Assets.xcassets */ = {isa = PBXFileReference; lastKnownFileType = folder.assetcatalog; path = Assets.xcassets; sourceTree = "<group>"; };
		B222E03F21313ABC008921D0 /* Base */ = {isa = PBXFileReference; lastKnownFileType = file.storyboard; name = Base; path = Base.lproj/LaunchScreen.storyboard; sourceTree = "<group>"; };
		B222E04121313ABC008921D0 /* Info.plist */ = {isa = PBXFileReference; lastKnownFileType = text.plist.xml; path = Info.plist; sourceTree = "<group>"; };
		B222E04221313ABC008921D0 /* main.m */ = {isa = PBXFileReference; lastKnownFileType = sourcecode.c.objc; path = main.m; sourceTree = "<group>"; };
		B222E04821313ABC008921D0 /* simpleTableViewTests.xctest */ = {isa = PBXFileReference; explicitFileType = wrapper.cfbundle; includeInIndex = 0; path = simpleTableViewTests.xctest; sourceTree = BUILT_PRODUCTS_DIR; };
		B222E04C21313ABC008921D0 /* simpleTableViewTests.m */ = {isa = PBXFileReference; lastKnownFileType = sourcecode.c.objc; path = simpleTableViewTests.m; sourceTree = "<group>"; };
		B222E04E21313ABC008921D0 /* Info.plist */ = {isa = PBXFileReference; lastKnownFileType = text.plist.xml; path = Info.plist; sourceTree = "<group>"; };
		B222E05321313ABC008921D0 /* simpleTableViewUITests.xctest */ = {isa = PBXFileReference; explicitFileType = wrapper.cfbundle; includeInIndex = 0; path = simpleTableViewUITests.xctest; sourceTree = BUILT_PRODUCTS_DIR; };
		B222E05721313ABC008921D0 /* simpleTableViewUITests.m */ = {isa = PBXFileReference; lastKnownFileType = sourcecode.c.objc; path = simpleTableViewUITests.m; sourceTree = "<group>"; };
		B222E05921313ABC008921D0 /* Info.plist */ = {isa = PBXFileReference; lastKnownFileType = text.plist.xml; path = Info.plist; sourceTree = "<group>"; };
		B222E06721313C08008921D0 /* SectionModel.h */ = {isa = PBXFileReference; fileEncoding = 4; lastKnownFileType = sourcecode.c.h; path = SectionModel.h; sourceTree = "<group>"; };
		B222E06821313C08008921D0 /* CellModel.m */ = {isa = PBXFileReference; fileEncoding = 4; lastKnownFileType = sourcecode.c.objc; path = CellModel.m; sourceTree = "<group>"; };
		B222E06921313C08008921D0 /* SectionModel.m */ = {isa = PBXFileReference; fileEncoding = 4; lastKnownFileType = sourcecode.c.objc; path = SectionModel.m; sourceTree = "<group>"; };
		B222E06A21313C08008921D0 /* CellModel.h */ = {isa = PBXFileReference; fileEncoding = 4; lastKnownFileType = sourcecode.c.h; path = CellModel.h; sourceTree = "<group>"; };
		B222E06E21313C38008921D0 /* tableViewCell.m */ = {isa = PBXFileReference; fileEncoding = 4; lastKnownFileType = sourcecode.c.objc; path = tableViewCell.m; sourceTree = "<group>"; };
		B222E06F21313C38008921D0 /* ArrayDataDelegate.m */ = {isa = PBXFileReference; fileEncoding = 4; lastKnownFileType = sourcecode.c.objc; path = ArrayDataDelegate.m; sourceTree = "<group>"; };
		B222E07021313C38008921D0 /* ArrayDataSource.m */ = {isa = PBXFileReference; fileEncoding = 4; lastKnownFileType = sourcecode.c.objc; path = ArrayDataSource.m; sourceTree = "<group>"; };
		B222E07121313C38008921D0 /* tableViewHeaderView.h */ = {isa = PBXFileReference; fileEncoding = 4; lastKnownFileType = sourcecode.c.h; path = tableViewHeaderView.h; sourceTree = "<group>"; };
		B222E07221313C38008921D0 /* ArrayDataDelegate.h */ = {isa = PBXFileReference; fileEncoding = 4; lastKnownFileType = sourcecode.c.h; path = ArrayDataDelegate.h; sourceTree = "<group>"; };
		B222E07321313C38008921D0 /* tableViewCell.h */ = {isa = PBXFileReference; fileEncoding = 4; lastKnownFileType = sourcecode.c.h; path = tableViewCell.h; sourceTree = "<group>"; };
		B222E07421313C38008921D0 /* tableViewHeaderView.m */ = {isa = PBXFileReference; fileEncoding = 4; lastKnownFileType = sourcecode.c.objc; path = tableViewHeaderView.m; sourceTree = "<group>"; };
		B222E07521313C38008921D0 /* ArrayDataSource.h */ = {isa = PBXFileReference; fileEncoding = 4; lastKnownFileType = sourcecode.c.h; path = ArrayDataSource.h; sourceTree = "<group>"; };
		B222E07A21313DBF008921D0 /* myTableCell.h */ = {isa = PBXFileReference; lastKnownFileType = sourcecode.c.h; path = myTableCell.h; sourceTree = "<group>"; };
		B222E07B21313DBF008921D0 /* myTableCell.m */ = {isa = PBXFileReference; lastKnownFileType = sourcecode.c.objc; path = myTableCell.m; sourceTree = "<group>"; };
		B222E07D21313E54008921D0 /* myModel.h */ = {isa = PBXFileReference; lastKnownFileType = sourcecode.c.h; path = myModel.h; sourceTree = "<group>"; };
		B222E07E21313E54008921D0 /* myModel.m */ = {isa = PBXFileReference; lastKnownFileType = sourcecode.c.objc; path = myModel.m; sourceTree = "<group>"; };
/* End PBXFileReference section */

/* Begin PBXFrameworksBuildPhase section */
		B222E02D21313ABC008921D0 /* Frameworks */ = {
			isa = PBXFrameworksBuildPhase;
			buildActionMask = 2147483647;
			files = (
			);
			runOnlyForDeploymentPostprocessing = 0;
		};
		B222E04521313ABC008921D0 /* Frameworks */ = {
			isa = PBXFrameworksBuildPhase;
			buildActionMask = 2147483647;
			files = (
			);
			runOnlyForDeploymentPostprocessing = 0;
		};
		B222E05021313ABC008921D0 /* Frameworks */ = {
			isa = PBXFrameworksBuildPhase;
			buildActionMask = 2147483647;
			files = (
			);
			runOnlyForDeploymentPostprocessing = 0;
		};
/* End PBXFrameworksBuildPhase section */

/* Begin PBXGroup section */
		B222E02721313ABC008921D0 = {
			isa = PBXGroup;
			children = (
				B222E03221313ABC008921D0 /* simpleTableView */,
				B222E04B21313ABC008921D0 /* simpleTableViewTests */,
				B222E05621313ABC008921D0 /* simpleTableViewUITests */,
				B222E03121313ABC008921D0 /* Products */,
			);
			sourceTree = "<group>";
		};
		B222E03121313ABC008921D0 /* Products */ = {
			isa = PBXGroup;
			children = (
				B222E03021313ABC008921D0 /* simpleTableView.app */,
				B222E04821313ABC008921D0 /* simpleTableViewTests.xctest */,
				B222E05321313ABC008921D0 /* simpleTableViewUITests.xctest */,
			);
			name = Products;
			sourceTree = "<group>";
		};
		B222E03221313ABC008921D0 /* simpleTableView */ = {
			isa = PBXGroup;
			children = (
				B222E06521313BDD008921D0 /* tableData */,
				B222E03321313ABC008921D0 /* AppDelegate.h */,
				B222E03421313ABC008921D0 /* AppDelegate.m */,
				B222E03621313ABC008921D0 /* ViewController.h */,
				B222E03721313ABC008921D0 /* ViewController.m */,
				B222E07A21313DBF008921D0 /* myTableCell.h */,
				B222E07B21313DBF008921D0 /* myTableCell.m */,
				B222E07D21313E54008921D0 /* myModel.h */,
				B222E07E21313E54008921D0 /* myModel.m */,
				B222E03921313ABC008921D0 /* Main.storyboard */,
				B222E03C21313ABC008921D0 /* Assets.xcassets */,
				B222E03E21313ABC008921D0 /* LaunchScreen.storyboard */,
				B222E04121313ABC008921D0 /* Info.plist */,
				B222E04221313ABC008921D0 /* main.m */,
			);
			path = simpleTableView;
			sourceTree = "<group>";
		};
		B222E04B21313ABC008921D0 /* simpleTableViewTests */ = {
			isa = PBXGroup;
			children = (
				B222E04C21313ABC008921D0 /* simpleTableViewTests.m */,
				B222E04E21313ABC008921D0 /* Info.plist */,
			);
			path = simpleTableViewTests;
			sourceTree = "<group>";
		};
		B222E05621313ABC008921D0 /* simpleTableViewUITests */ = {
			isa = PBXGroup;
			children = (
				B222E05721313ABC008921D0 /* simpleTableViewUITests.m */,
				B222E05921313ABC008921D0 /* Info.plist */,
			);
			path = simpleTableViewUITests;
			sourceTree = "<group>";
		};
		B222E06521313BDD008921D0 /* tableData */ = {
			isa = PBXGroup;
			children = (
				B222E06D21313C38008921D0 /* tableSource */,
				B222E06621313C08008921D0 /* model */,
			);
			path = tableData;
			sourceTree = "<group>";
		};
		B222E06621313C08008921D0 /* model */ = {
			isa = PBXGroup;
			children = (
				B222E06A21313C08008921D0 /* CellModel.h */,
				B222E06821313C08008921D0 /* CellModel.m */,
				B222E06721313C08008921D0 /* SectionModel.h */,
				B222E06921313C08008921D0 /* SectionModel.m */,
			);
			path = model;
			sourceTree = "<group>";
		};
		B222E06D21313C38008921D0 /* tableSource */ = {
			isa = PBXGroup;
			children = (
				B222E06E21313C38008921D0 /* tableViewCell.m */,
				B222E07321313C38008921D0 /* tableViewCell.h */,
				B222E07221313C38008921D0 /* ArrayDataDelegate.h */,
				B222E06F21313C38008921D0 /* ArrayDataDelegate.m */,
				B222E07521313C38008921D0 /* ArrayDataSource.h */,
				B222E07021313C38008921D0 /* ArrayDataSource.m */,
				B222E07121313C38008921D0 /* tableViewHeaderView.h */,
				B222E07421313C38008921D0 /* tableViewHeaderView.m */,
			);
			path = tableSource;
			sourceTree = "<group>";
		};
/* End PBXGroup section */

/* Begin PBXNativeTarget section */
		B222E02F21313ABC008921D0 /* simpleTableView */ = {
			isa = PBXNativeTarget;
			buildConfigurationList = B222E05C21313ABC008921D0 /* Build configuration list for PBXNativeTarget "simpleTableView" */;
			buildPhases = (
				B222E02C21313ABC008921D0 /* Sources */,
				B222E02D21313ABC008921D0 /* Frameworks */,
				B222E02E21313ABC008921D0 /* Resources */,
			);
			buildRules = (
			);
			dependencies = (
			);
			name = simpleTableView;
			productName = simpleTableView;
			productReference = B222E03021313ABC008921D0 /* simpleTableView.app */;
			productType = "com.apple.product-type.application";
		};
		B222E04721313ABC008921D0 /* simpleTableViewTests */ = {
			isa = PBXNativeTarget;
			buildConfigurationList = B222E05F21313ABC008921D0 /* Build configuration list for PBXNativeTarget "simpleTableViewTests" */;
			buildPhases = (
				B222E04421313ABC008921D0 /* Sources */,
				B222E04521313ABC008921D0 /* Frameworks */,
				B222E04621313ABC008921D0 /* Resources */,
			);
			buildRules = (
			);
			dependencies = (
				B222E04A21313ABC008921D0 /* PBXTargetDependency */,
			);
			name = simpleTableViewTests;
			productName = simpleTableViewTests;
			productReference = B222E04821313ABC008921D0 /* simpleTableViewTests.xctest */;
			productType = "com.apple.product-type.bundle.unit-test";
		};
		B222E05221313ABC008921D0 /* simpleTableViewUITests */ = {
			isa = PBXNativeTarget;
			buildConfigurationList = B222E06221313ABC008921D0 /* Build configuration list for PBXNativeTarget "simpleTableViewUITests" */;
			buildPhases = (
				B222E04F21313ABC008921D0 /* Sources */,
				B222E05021313ABC008921D0 /* Frameworks */,
				B222E05121313ABC008921D0 /* Resources */,
			);
			buildRules = (
			);
			dependencies = (
				B222E05521313ABC008921D0 /* PBXTargetDependency */,
			);
			name = simpleTableViewUITests;
			productName = simpleTableViewUITests;
			productReference = B222E05321313ABC008921D0 /* simpleTableViewUITests.xctest */;
			productType = "com.apple.product-type.bundle.ui-testing";
		};
/* End PBXNativeTarget section */

/* Begin PBXProject section */
		B222E02821313ABC008921D0 /* Project object */ = {
			isa = PBXProject;
			attributes = {
				LastUpgradeCheck = 0920;
				ORGANIZATIONNAME = xueqiao_summer;
				TargetAttributes = {
					B222E02F21313ABC008921D0 = {
						CreatedOnToolsVersion = 9.2;
						ProvisioningStyle = Automatic;
					};
					B222E04721313ABC008921D0 = {
						CreatedOnToolsVersion = 9.2;
						ProvisioningStyle = Automatic;
						TestTargetID = B222E02F21313ABC008921D0;
					};
					B222E05221313ABC008921D0 = {
						CreatedOnToolsVersion = 9.2;
						ProvisioningStyle = Automatic;
						TestTargetID = B222E02F21313ABC008921D0;
					};
				};
			};
			buildConfigurationList = B222E02B21313ABC008921D0 /* Build configuration list for PBXProject "simpleTableView" */;
			compatibilityVersion = "Xcode 8.0";
			developmentRegion = en;
			hasScannedForEncodings = 0;
			knownRegions = (
				en,
				Base,
			);
			mainGroup = B222E02721313ABC008921D0;
			productRefGroup = B222E03121313ABC008921D0 /* Products */;
			projectDirPath = "";
			projectRoot = "";
			targets = (
				B222E02F21313ABC008921D0 /* simpleTableView */,
				B222E04721313ABC008921D0 /* simpleTableViewTests */,
				B222E05221313ABC008921D0 /* simpleTableViewUITests */,
			);
		};
/* End PBXProject section */

/* Begin PBXResourcesBuildPhase section */
		B222E02E21313ABC008921D0 /* Resources */ = {
			isa = PBXResourcesBuildPhase;
			buildActionMask = 2147483647;
			files = (
				B222E04021313ABC008921D0 /* LaunchScreen.storyboard in Resources */,
				B222E03D21313ABC008921D0 /* Assets.xcassets in Resources */,
				B222E03B21313ABC008921D0 /* Main.storyboard in Resources */,
			);
			runOnlyForDeploymentPostprocessing = 0;
		};
		B222E04621313ABC008921D0 /* Resources */ = {
			isa = PBXResourcesBuildPhase;
			buildActionMask = 2147483647;
			files = (
			);
			runOnlyForDeploymentPostprocessing = 0;
		};
		B222E05121313ABC008921D0 /* Resources */ = {
			isa = PBXResourcesBuildPhase;
			buildActionMask = 2147483647;
			files = (
			);
			runOnlyForDeploymentPostprocessing = 0;
		};
/* End PBXResourcesBuildPhase section */

/* Begin PBXSourcesBuildPhase section */
		B222E02C21313ABC008921D0 /* Sources */ = {
			isa = PBXSourcesBuildPhase;
			buildActionMask = 2147483647;
			files = (
				B222E06C21313C08008921D0 /* SectionModel.m in Sources */,
				B222E03821313ABC008921D0 /* ViewController.m in Sources */,
				B222E07921313C38008921D0 /* tableViewHeaderView.m in Sources */,
				B222E07F21313E54008921D0 /* myModel.m in Sources */,
				B222E04321313ABC008921D0 /* main.m in Sources */,
				B222E07C21313DBF008921D0 /* myTableCell.m in Sources */,
				B222E03521313ABC008921D0 /* AppDelegate.m in Sources */,
				B222E07721313C38008921D0 /* ArrayDataDelegate.m in Sources */,
				B222E06B21313C08008921D0 /* CellModel.m in Sources */,
				B222E07821313C38008921D0 /* ArrayDataSource.m in Sources */,
				B222E07621313C38008921D0 /* tableViewCell.m in Sources */,
			);
			runOnlyForDeploymentPostprocessing = 0;
		};
		B222E04421313ABC008921D0 /* Sources */ = {
			isa = PBXSourcesBuildPhase;
			buildActionMask = 2147483647;
			files = (
				B222E04D21313ABC008921D0 /* simpleTableViewTests.m in Sources */,
			);
			runOnlyForDeploymentPostprocessing = 0;
		};
		B222E04F21313ABC008921D0 /* Sources */ = {
			isa = PBXSourcesBuildPhase;
			buildActionMask = 2147483647;
			files = (
				B222E05821313ABC008921D0 /* simpleTableViewUITests.m in Sources */,
			);
			runOnlyForDeploymentPostprocessing = 0;
		};
/* End PBXSourcesBuildPhase section */

/* Begin PBXTargetDependency section */
		B222E04A21313ABC008921D0 /* PBXTargetDependency */ = {
			isa = PBXTargetDependency;
			target = B222E02F21313ABC008921D0 /* simpleTableView */;
			targetProxy = B222E04921313ABC008921D0 /* PBXContainerItemProxy */;
		};
		B222E05521313ABC008921D0 /* PBXTargetDependency */ = {
			isa = PBXTargetDependency;
			target = B222E02F21313ABC008921D0 /* simpleTableView */;
			targetProxy = B222E05421313ABC008921D0 /* PBXContainerItemProxy */;
		};
/* End PBXTargetDependency section */

/* Begin PBXVariantGroup section */
		B222E03921313ABC008921D0 /* Main.storyboard */ = {
			isa = PBXVariantGroup;
			children = (
				B222E03A21313ABC008921D0 /* Base */,
			);
			name = Main.storyboard;
			sourceTree = "<group>";
		};
		B222E03E21313ABC008921D0 /* LaunchScreen.storyboard */ = {
			isa = PBXVariantGroup;
			children = (
				B222E03F21313ABC008921D0 /* Base */,
			);
			name = LaunchScreen.storyboard;
			sourceTree = "<group>";
		};
/* End PBXVariantGroup section */

/* Begin XCBuildConfiguration section */
		B222E05A21313ABC008921D0 /* Debug */ = {
			isa = XCBuildConfiguration;
			buildSettings = {
				ALWAYS_SEARCH_USER_PATHS = NO;
				CLANG_ANALYZER_NONNULL = YES;
				CLANG_ANALYZER_NUMBER_OBJECT_CONVERSION = YES_AGGRESSIVE;
				CLANG_CXX_LANGUAGE_STANDARD = "gnu++14";
				CLANG_CXX_LIBRARY = "libc++";
				CLANG_ENABLE_MODULES = YES;
				CLANG_ENABLE_OBJC_ARC = YES;
				CLANG_WARN_BLOCK_CAPTURE_AUTORELEASING = YES;
				CLANG_WARN_BOOL_CONVERSION = YES;
				CLANG_WARN_COMMA = YES;
				CLANG_WARN_CONSTANT_CONVERSION = YES;
				CLANG_WARN_DIRECT_OBJC_ISA_USAGE = YES_ERROR;
				CLANG_WARN_DOCUMENTATION_COMMENTS = YES;
				CLANG_WARN_EMPTY_BODY = YES;
				CLANG_WARN_ENUM_CONVERSION = YES;
				CLANG_WARN_INFINITE_RECURSION = YES;
				CLANG_WARN_INT_CONVERSION = YES;
				CLANG_WARN_NON_LITERAL_NULL_CONVERSION = YES;
				CLANG_WARN_OBJC_LITERAL_CONVERSION = YES;
				CLANG_WARN_OBJC_ROOT_CLASS = YES_ERROR;
				CLANG_WARN_RANGE_LOOP_ANALYSIS = YES;
				CLANG_WARN_STRICT_PROTOTYPES = YES;
				CLANG_WARN_SUSPICIOUS_MOVE = YES;
				CLANG_WARN_UNGUARDED_AVAILABILITY = YES_AGGRESSIVE;
				CLANG_WARN_UNREACHABLE_CODE = YES;
				CLANG_WARN__DUPLICATE_METHOD_MATCH = YES;
				CODE_SIGN_IDENTITY = "iPhone Developer";
				COPY_PHASE_STRIP = NO;
				DEBUG_INFORMATION_FORMAT = dwarf;
				ENABLE_STRICT_OBJC_MSGSEND = YES;
				ENABLE_TESTABILITY = YES;
				GCC_C_LANGUAGE_STANDARD = gnu11;
				GCC_DYNAMIC_NO_PIC = NO;
				GCC_NO_COMMON_BLOCKS = YES;
				GCC_OPTIMIZATION_LEVEL = 0;
				GCC_PREPROCESSOR_DEFINITIONS = (
					"DEBUG=1",
					"$(inherited)",
				);
				GCC_WARN_64_TO_32_BIT_CONVERSION = YES;
				GCC_WARN_ABOUT_RETURN_TYPE = YES_ERROR;
				GCC_WARN_UNDECLARED_SELECTOR = YES;
				GCC_WARN_UNINITIALIZED_AUTOS = YES_AGGRESSIVE;
				GCC_WARN_UNUSED_FUNCTION = YES;
				GCC_WARN_UNUSED_VARIABLE = YES;
				IPHONEOS_DEPLOYMENT_TARGET = 11.2;
				MTL_ENABLE_DEBUG_INFO = YES;
				ONLY_ACTIVE_ARCH = YES;
				SDKROOT = iphoneos;
			};
			name = Debug;
		};
		B222E05B21313ABC008921D0 /* Release */ = {
			isa = XCBuildConfiguration;
			buildSettings = {
				ALWAYS_SEARCH_USER_PATHS = NO;
				CLANG_ANALYZER_NONNULL = YES;
				CLANG_ANALYZER_NUMBER_OBJECT_CONVERSION = YES_AGGRESSIVE;
				CLANG_CXX_LANGUAGE_STANDARD = "gnu++14";
				CLANG_CXX_LIBRARY = "libc++";
				CLANG_ENABLE_MODULES = YES;
				CLANG_ENABLE_OBJC_ARC = YES;
				CLANG_WARN_BLOCK_CAPTURE_AUTORELEASING = YES;
				CLANG_WARN_BOOL_CONVERSION = YES;
				CLANG_WARN_COMMA = YES;
				CLANG_WARN_CONSTANT_CONVERSION = YES;
				CLANG_WARN_DIRECT_OBJC_ISA_USAGE = YES_ERROR;
				CLANG_WARN_DOCUMENTATION_COMMENTS = YES;
				CLANG_WARN_EMPTY_BODY = YES;
				CLANG_WARN_ENUM_CONVERSION = YES;
				CLANG_WARN_INFINITE_RECURSION = YES;
				CLANG_WARN_INT_CONVERSION = YES;
				CLANG_WARN_NON_LITERAL_NULL_CONVERSION = YES;
				CLANG_WARN_OBJC_LITERAL_CONVERSION = YES;
				CLANG_WARN_OBJC_ROOT_CLASS = YES_ERROR;
				CLANG_WARN_RANGE_LOOP_ANALYSIS = YES;
				CLANG_WARN_STRICT_PROTOTYPES = YES;
				CLANG_WARN_SUSPICIOUS_MOVE = YES;
				CLANG_WARN_UNGUARDED_AVAILABILITY = YES_AGGRESSIVE;
				CLANG_WARN_UNREACHABLE_CODE = YES;
				CLANG_WARN__DUPLICATE_METHOD_MATCH = YES;
				CODE_SIGN_IDENTITY = "iPhone Developer";
				COPY_PHASE_STRIP = NO;
				DEBUG_INFORMATION_FORMAT = "dwarf-with-dsym";
				ENABLE_NS_ASSERTIONS = NO;
				ENABLE_STRICT_OBJC_MSGSEND = YES;
				GCC_C_LANGUAGE_STANDARD = gnu11;
				GCC_NO_COMMON_BLOCKS = YES;
				GCC_WARN_64_TO_32_BIT_CONVERSION = YES;
				GCC_WARN_ABOUT_RETURN_TYPE = YES_ERROR;
				GCC_WARN_UNDECLARED_SELECTOR = YES;
				GCC_WARN_UNINITIALIZED_AUTOS = YES_AGGRESSIVE;
				GCC_WARN_UNUSED_FUNCTION = YES;
				GCC_WARN_UNUSED_VARIABLE = YES;
				IPHONEOS_DEPLOYMENT_TARGET = 11.2;
				MTL_ENABLE_DEBUG_INFO = NO;
				SDKROOT = iphoneos;
				VALIDATE_PRODUCT = YES;
			};
			name = Release;
		};
		B222E05D21313ABC008921D0 /* Debug */ = {
			isa = XCBuildConfiguration;
			buildSettings = {
				ASSETCATALOG_COMPILER_APPICON_NAME = AppIcon;
				CODE_SIGN_STYLE = Automatic;
				INFOPLIST_FILE = simpleTableView/Info.plist;
				LD_RUNPATH_SEARCH_PATHS = "$(inherited) @executable_path/Frameworks";
				PRODUCT_BUNDLE_IDENTIFIER = summer.simpleTableView;
				PRODUCT_NAME = "$(TARGET_NAME)";
				TARGETED_DEVICE_FAMILY = "1,2";
			};
			name = Debug;
		};
		B222E05E21313ABC008921D0 /* Release */ = {
			isa = XCBuildConfiguration;
			buildSettings = {
				ASSETCATALOG_COMPILER_APPICON_NAME = AppIcon;
				CODE_SIGN_STYLE = Automatic;
				INFOPLIST_FILE = simpleTableView/Info.plist;
				LD_RUNPATH_SEARCH_PATHS = "$(inherited) @executable_path/Frameworks";
				PRODUCT_BUNDLE_IDENTIFIER = summer.simpleTableView;
				PRODUCT_NAME = "$(TARGET_NAME)";
				TARGETED_DEVICE_FAMILY = "1,2";
			};
			name = Release;
		};
		B222E06021313ABC008921D0 /* Debug */ = {
			isa = XCBuildConfiguration;
			buildSettings = {
				BUNDLE_LOADER = "$(TEST_HOST)";
				CODE_SIGN_STYLE = Automatic;
				INFOPLIST_FILE = simpleTableViewTests/Info.plist;
				LD_RUNPATH_SEARCH_PATHS = "$(inherited) @executable_path/Frameworks @loader_path/Frameworks";
				PRODUCT_BUNDLE_IDENTIFIER = summer.simpleTableViewTests;
				PRODUCT_NAME = "$(TARGET_NAME)";
				TARGETED_DEVICE_FAMILY = "1,2";
				TEST_HOST = "$(BUILT_PRODUCTS_DIR)/simpleTableView.app/simpleTableView";
			};
			name = Debug;
		};
		B222E06121313ABC008921D0 /* Release */ = {
			isa = XCBuildConfiguration;
			buildSettings = {
				BUNDLE_LOADER = "$(TEST_HOST)";
				CODE_SIGN_STYLE = Automatic;
				INFOPLIST_FILE = simpleTableViewTests/Info.plist;
				LD_RUNPATH_SEARCH_PATHS = "$(inherited) @executable_path/Frameworks @loader_path/Frameworks";
				PRODUCT_BUNDLE_IDENTIFIER = summer.simpleTableViewTests;
				PRODUCT_NAME = "$(TARGET_NAME)";
				TARGETED_DEVICE_FAMILY = "1,2";
				TEST_HOST = "$(BUILT_PRODUCTS_DIR)/simpleTableView.app/simpleTableView";
			};
			name = Release;
		};
		B222E06321313ABC008921D0 /* Debug */ = {
			isa = XCBuildConfiguration;
			buildSettings = {
				CODE_SIGN_STYLE = Automatic;
				INFOPLIST_FILE = simpleTableViewUITests/Info.plist;
				LD_RUNPATH_SEARCH_PATHS = "$(inherited) @executable_path/Frameworks @loader_path/Frameworks";
				PRODUCT_BUNDLE_IDENTIFIER = summer.simpleTableViewUITests;
				PRODUCT_NAME = "$(TARGET_NAME)";
				TARGETED_DEVICE_FAMILY = "1,2";
				TEST_TARGET_NAME = simpleTableView;
			};
			name = Debug;
		};
		B222E06421313ABC008921D0 /* Release */ = {
			isa = XCBuildConfiguration;
			buildSettings = {
				CODE_SIGN_STYLE = Automatic;
				INFOPLIST_FILE = simpleTableViewUITests/Info.plist;
				LD_RUNPATH_SEARCH_PATHS = "$(inherited) @executable_path/Frameworks @loader_path/Frameworks";
				PRODUCT_BUNDLE_IDENTIFIER = summer.simpleTableViewUITests;
				PRODUCT_NAME = "$(TARGET_NAME)";
				TARGETED_DEVICE_FAMILY = "1,2";
				TEST_TARGET_NAME = simpleTableView;
			};
			name = Release;
		};
/* End XCBuildConfiguration section */

/* Begin XCConfigurationList section */
		B222E02B21313ABC008921D0 /* Build configuration list for PBXProject "simpleTableView" */ = {
			isa = XCConfigurationList;
			buildConfigurations = (
				B222E05A21313ABC008921D0 /* Debug */,
				B222E05B21313ABC008921D0 /* Release */,
			);
			defaultConfigurationIsVisible = 0;
			defaultConfigurationName = Release;
		};
		B222E05C21313ABC008921D0 /* Build configuration list for PBXNativeTarget "simpleTableView" */ = {
			isa = XCConfigurationList;
			buildConfigurations = (
				B222E05D21313ABC008921D0 /* Debug */,
				B222E05E21313ABC008921D0 /* Release */,
			);
			defaultConfigurationIsVisible = 0;
			defaultConfigurationName = Release;
		};
		B222E05F21313ABC008921D0 /* Build configuration list for PBXNativeTarget "simpleTableViewTests" */ = {
			isa = XCConfigurationList;
			buildConfigurations = (
				B222E06021313ABC008921D0 /* Debug */,
				B222E06121313ABC008921D0 /* Release */,
			);
			defaultConfigurationIsVisible = 0;
			defaultConfigurationName = Release;
		};
		B222E06221313ABC008921D0 /* Build configuration list for PBXNativeTarget "simpleTableViewUITests" */ = {
			isa = XCConfigurationList;
			buildConfigurations = (
				B222E06321313ABC008921D0 /* Debug */,
				B222E06421313ABC008921D0 /* Release */,
			);
			defaultConfigurationIsVisible = 0;
			defaultConfigurationName = Release;
		};
/* End XCConfigurationList section */
	};
	rootObject = B222E02821313ABC008921D0 /* Project object */;
}
